
Microsoft Visual Studio Solution File, Format Version 12.00
# Visual Studio Version 16
VisualStudioVersion = 16.0.31605.320
MinimumVisualStudioVersion = 10.0.40219.1
Project("{FAE04EC0-301F-11D3-BF4B-00C04F79EFBC}") = "DanceCool.Web", "DanceCool.Web\DanceCool.Web.csproj", "{06D2FC4E-510E-46EC-A1C9-CAE9500DF0F8}"
EndProject
Global
	GlobalSection(SolutionConfigurationPlatforms) = preSolution
		Debug|Any CPU = Debug|Any CPU
		Release|Any CPU = Release|Any CPU
	EndGlobalSection
	GlobalSection(ProjectConfigurationPlatforms) = postSolution
		{06D2FC4E-510E-46EC-A1C9-CAE9500DF0F8}.Debug|Any CPU.ActiveCfg = Debug|Any CPU
		{06D2FC4E-510E-46EC-A1C9-CAE9500DF0F8}.Debug|Any CPU.Build.0 = Debug|Any CPU
		{06D2FC4E-510E-46EC-A1C9-CAE9500DF0F8}.Release|Any CPU.ActiveCfg = Release|Any CPU
		{06D2FC4E-510E-46EC-A1C9-CAE9500DF0F8}.Release|Any CPU.Build.0 = Release|Any CPU
	EndGlobalSection
	GlobalSection(SolutionProperties) = preSolution
		HideSolutionNode = FALSE
	EndGlobalSection
	GlobalSection(ExtensibilityGlobals) = postSolution
		SolutionGuid = {52D1CD81-3ABC-4C79-A486-CBD91AE40238}
	EndGlobalSection
EndGlobal
